
Microsoft Visual Studio Solution File, Format Version 12.00
# Visual Studio Version 16
VisualStudioVersion = 16.0.30517.126
MinimumVisualStudioVersion = 10.0.40219.1
Project("{2150E333-8FDC-42A3-9474-1A3956D46DE8}") = "CSharp Features", "CSharp Features", "{5E607D4F-67A9-48BB-B9CE-96838BD0944D}"
EndProject
Project("{FAE04EC0-301F-11D3-BF4B-00C04F79EFBC}") = "CSharp70_Features", "CSharp70_Features\CSharp70_Features.csproj", "{BD6D0432-26DD-467B-AD1A-DD7747E4C640}"
EndProject
Project("{FAE04EC0-301F-11D3-BF4B-00C04F79EFBC}") = "CSharp71_Features", "CSharp71_Features\CSharp71_Features.csproj", "{AB21B216-3D99-428A-9E75-B8B52AFE59D8}"
EndProject
Project("{FAE04EC0-301F-11D3-BF4B-00C04F79EFBC}") = "CSharp71_Sample_AsyncMain", "CSharp71_Sample_AsyncMAi\CSharp71_Sample_AsyncMain.csproj", "{DFE95727-B86A-4A49-8A49-4AD7CECDA531}"
EndProject
Project("{FAE04EC0-301F-11D3-BF4B-00C04F79EFBC}") = "CSharp72_Features", "CSharp72_Features\CSharp72_Features.csproj", "{5089B4CA-9FD9-443F-B51C-56DC4CF07B1D}"
EndProject
Project("{FAE04EC0-301F-11D3-BF4B-00C04F79EFBC}") = "CSharp80_Features", "CSharp80_Features\CSharp80_Features.csproj", "{12F75D70-B9FE-4832-986C-97802577A72F}"
EndProject
Project("{2150E333-8FDC-42A3-9474-1A3956D46DE8}") = "WeitereThemen", "WeitereThemen", "{CD2D7F47-0266-48BF-9556-DF0637E0F23E}"
EndProject
Project("{FAE04EC0-301F-11D3-BF4B-00C04F79EFBC}") = "NullableDataTypes", "NullableDataTypes\NullableDataTypes.csproj", "{2C796B3F-E4DC-4606-861B-0509B7F519CD}"
EndProject
Project("{2150E333-8FDC-42A3-9474-1A3956D46DE8}") = "SOLID", "SOLID", "{FC29311C-47E4-4BFF-94FB-48D25A5CF14D}"
EndProject
Project("{FAE04EC0-301F-11D3-BF4B-00C04F79EFBC}") = "Responsibility_Princip_OCP", "Responsibility_Princip_OCP\Responsibility_Princip_OCP.csproj", "{09AF44D7-158B-448C-B5C6-3A04F837C54F}"
EndProject
Project("{FAE04EC0-301F-11D3-BF4B-00C04F79EFBC}") = "OpenClosed_Principle_OCP", "OpenClosed_Principle_OCP\OpenClosed_Principle_OCP.csproj", "{2D658B52-BC39-4846-A759-8EFB7F72F59F}"
EndProject
Project("{FAE04EC0-301F-11D3-BF4B-00C04F79EFBC}") = "Liskov_substitution_principle_LSP", "Liskov_substitution_principle_LSP\Liskov_substitution_principle_LSP.csproj", "{D783959C-7AA3-4743-B992-8BC2B195C400}"
EndProject
Project("{FAE04EC0-301F-11D3-BF4B-00C04F79EFBC}") = "Interface_segregation_principle_ISP", "Interface_segregation_principle_ISP\Interface_segregation_principle_ISP.csproj", "{593F027A-BFFB-4C3C-9275-8A7EC3AF2823}"
EndProject
Project("{2150E333-8FDC-42A3-9474-1A3956D46DE8}") = "LinkCollections", "LinkCollections", "{2C8334C5-F22D-4517-80FE-5D98E2BB9397}"
	ProjectSection(SolutionItems) = preProject
		LinkCollection.txt = LinkCollection.txt
	EndProjectSection
EndProject
Project("{FAE04EC0-301F-11D3-BF4B-00C04F79EFBC}") = "05_Dependency_inversion_principle_DIP", "05_Dependency_inversion_principle_DIP\05_Dependency_inversion_principle_DIP.csproj", "{3D4C9DBA-3A0B-4579-91CF-4ECDB17927D3}"
EndProject
Project("{2150E333-8FDC-42A3-9474-1A3956D46DE8}") = "StringBuilder BenchmarkTest", "StringBuilder BenchmarkTest", "{F72CC093-C8DF-4E33-9E43-358F46746A36}"
EndProject
Project("{FAE04EC0-301F-11D3-BF4B-00C04F79EFBC}") = "StringBuilderBenachmarkTest", "StringBuilderBenachmarkTest\StringBuilderBenachmarkTest.csproj", "{152522BC-2066-4439-AE21-CFEC9605A6A6}"
EndProject
Project("{2150E333-8FDC-42A3-9474-1A3956D46DE8}") = "Delegates_Event_Func_Action_EventHandler", "Delegates_Event_Func_Action_EventHandler", "{9FC6F65C-7DAE-4293-B503-48952419E82B}"
EndProject
Project("{FAE04EC0-301F-11D3-BF4B-00C04F79EFBC}") = "DelegatesAndEvents", "DelegatesAndEvents\DelegatesAndEvents.csproj", "{8936FFB3-D879-42A6-9509-3486EE8FCBAD}"
EndProject
Project("{FAE04EC0-301F-11D3-BF4B-00C04F79EFBC}") = "DelegateWithCallback", "DelegateWithCallback\DelegateWithCallback.csproj", "{2B4D11EA-62B2-4D79-9C33-0FA238277E6C}"
EndProject
Project("{FAE04EC0-301F-11D3-BF4B-00C04F79EFBC}") = "Events", "Events\Events.csproj", "{4A4C3AD1-C687-4C60-8D1A-06553299ED49}"
EndProject
Project("{FAE04EC0-301F-11D3-BF4B-00C04F79EFBC}") = "EventHandler", "EventHandler\EventHandler.csproj", "{EBD5AA3A-5B32-45AD-AB23-DE87269A1B80}"
EndProject
Global
	GlobalSection(SolutionConfigurationPlatforms) = preSolution
		Debug|Any CPU = Debug|Any CPU
		Release|Any CPU = Release|Any CPU
	EndGlobalSection
	GlobalSection(ProjectConfigurationPlatforms) = postSolution
		{BD6D0432-26DD-467B-AD1A-DD7747E4C640}.Debug|Any CPU.ActiveCfg = Debug|Any CPU
		{BD6D0432-26DD-467B-AD1A-DD7747E4C640}.Debug|Any CPU.Build.0 = Debug|Any CPU
		{BD6D0432-26DD-467B-AD1A-DD7747E4C640}.Release|Any CPU.ActiveCfg = Release|Any CPU
		{BD6D0432-26DD-467B-AD1A-DD7747E4C640}.Release|Any CPU.Build.0 = Release|Any CPU
		{AB21B216-3D99-428A-9E75-B8B52AFE59D8}.Debug|Any CPU.ActiveCfg = Debug|Any CPU
		{AB21B216-3D99-428A-9E75-B8B52AFE59D8}.Debug|Any CPU.Build.0 = Debug|Any CPU
		{AB21B216-3D99-428A-9E75-B8B52AFE59D8}.Release|Any CPU.ActiveCfg = Release|Any CPU
		{AB21B216-3D99-428A-9E75-B8B52AFE59D8}.Release|Any CPU.Build.0 = Release|Any CPU
		{DFE95727-B86A-4A49-8A49-4AD7CECDA531}.Debug|Any CPU.ActiveCfg = Debug|Any CPU
		{DFE95727-B86A-4A49-8A49-4AD7CECDA531}.Debug|Any CPU.Build.0 = Debug|Any CPU
		{DFE95727-B86A-4A49-8A49-4AD7CECDA531}.Release|Any CPU.ActiveCfg = Release|Any CPU
		{DFE95727-B86A-4A49-8A49-4AD7CECDA531}.Release|Any CPU.Build.0 = Release|Any CPU
		{5089B4CA-9FD9-443F-B51C-56DC4CF07B1D}.Debug|Any CPU.ActiveCfg = Debug|Any CPU
		{5089B4CA-9FD9-443F-B51C-56DC4CF07B1D}.Debug|Any CPU.Build.0 = Debug|Any CPU
		{5089B4CA-9FD9-443F-B51C-56DC4CF07B1D}.Release|Any CPU.ActiveCfg = Release|Any CPU
		{5089B4CA-9FD9-443F-B51C-56DC4CF07B1D}.Release|Any CPU.Build.0 = Release|Any CPU
		{12F75D70-B9FE-4832-986C-97802577A72F}.Debug|Any CPU.ActiveCfg = Debug|Any CPU
		{12F75D70-B9FE-4832-986C-97802577A72F}.Debug|Any CPU.Build.0 = Debug|Any CPU
		{12F75D70-B9FE-4832-986C-97802577A72F}.Release|Any CPU.ActiveCfg = Release|Any CPU
		{12F75D70-B9FE-4832-986C-97802577A72F}.Release|Any CPU.Build.0 = Release|Any CPU
		{2C796B3F-E4DC-4606-861B-0509B7F519CD}.Debug|Any CPU.ActiveCfg = Debug|Any CPU
		{2C796B3F-E4DC-4606-861B-0509B7F519CD}.Debug|Any CPU.Build.0 = Debug|Any CPU
		{2C796B3F-E4DC-4606-861B-0509B7F519CD}.Release|Any CPU.ActiveCfg = Release|Any CPU
		{2C796B3F-E4DC-4606-861B-0509B7F519CD}.Release|Any CPU.Build.0 = Release|Any CPU
		{09AF44D7-158B-448C-B5C6-3A04F837C54F}.Debug|Any CPU.ActiveCfg = Debug|Any CPU
		{09AF44D7-158B-448C-B5C6-3A04F837C54F}.Debug|Any CPU.Build.0 = Debug|Any CPU
		{09AF44D7-158B-448C-B5C6-3A04F837C54F}.Release|Any CPU.ActiveCfg = Release|Any CPU
		{09AF44D7-158B-448C-B5C6-3A04F837C54F}.Release|Any CPU.Build.0 = Release|Any CPU
		{2D658B52-BC39-4846-A759-8EFB7F72F59F}.Debug|Any CPU.ActiveCfg = Debug|Any CPU
		{2D658B52-BC39-4846-A759-8EFB7F72F59F}.Debug|Any CPU.Build.0 = Debug|Any CPU
		{2D658B52-BC39-4846-A759-8EFB7F72F59F}.Release|Any CPU.ActiveCfg = Release|Any CPU
		{2D658B52-BC39-4846-A759-8EFB7F72F59F}.Release|Any CPU.Build.0 = Release|Any CPU
		{D783959C-7AA3-4743-B992-8BC2B195C400}.Debug|Any CPU.ActiveCfg = Debug|Any CPU
		{D783959C-7AA3-4743-B992-8BC2B195C400}.Debug|Any CPU.Build.0 = Debug|Any CPU
		{D783959C-7AA3-4743-B992-8BC2B195C400}.Release|Any CPU.ActiveCfg = Release|Any CPU
		{D783959C-7AA3-4743-B992-8BC2B195C400}.Release|Any CPU.Build.0 = Release|Any CPU
		{593F027A-BFFB-4C3C-9275-8A7EC3AF2823}.Debug|Any CPU.ActiveCfg = Debug|Any CPU
		{593F027A-BFFB-4C3C-9275-8A7EC3AF2823}.Debug|Any CPU.Build.0 = Debug|Any CPU
		{593F027A-BFFB-4C3C-9275-8A7EC3AF2823}.Release|Any CPU.ActiveCfg = Release|Any CPU
		{593F027A-BFFB-4C3C-9275-8A7EC3AF2823}.Release|Any CPU.Build.0 = Release|Any CPU
		{3D4C9DBA-3A0B-4579-91CF-4ECDB17927D3}.Debug|Any CPU.ActiveCfg = Debug|Any CPU
		{3D4C9DBA-3A0B-4579-91CF-4ECDB17927D3}.Debug|Any CPU.Build.0 = Debug|Any CPU
		{3D4C9DBA-3A0B-4579-91CF-4ECDB17927D3}.Release|Any CPU.ActiveCfg = Release|Any CPU
		{3D4C9DBA-3A0B-4579-91CF-4ECDB17927D3}.Release|Any CPU.Build.0 = Release|Any CPU
		{152522BC-2066-4439-AE21-CFEC9605A6A6}.Debug|Any CPU.ActiveCfg = Debug|Any CPU
		{152522BC-2066-4439-AE21-CFEC9605A6A6}.Debug|Any CPU.Build.0 = Debug|Any CPU
		{152522BC-2066-4439-AE21-CFEC9605A6A6}.Release|Any CPU.ActiveCfg = Release|Any CPU
		{152522BC-2066-4439-AE21-CFEC9605A6A6}.Release|Any CPU.Build.0 = Release|Any CPU
		{8936FFB3-D879-42A6-9509-3486EE8FCBAD}.Debug|Any CPU.ActiveCfg = Debug|Any CPU
		{8936FFB3-D879-42A6-9509-3486EE8FCBAD}.Debug|Any CPU.Build.0 = Debug|Any CPU
		{8936FFB3-D879-42A6-9509-3486EE8FCBAD}.Release|Any CPU.ActiveCfg = Release|Any CPU
		{8936FFB3-D879-42A6-9509-3486EE8FCBAD}.Release|Any CPU.Build.0 = Release|Any CPU
		{2B4D11EA-62B2-4D79-9C33-0FA238277E6C}.Debug|Any CPU.ActiveCfg = Debug|Any CPU
		{2B4D11EA-62B2-4D79-9C33-0FA238277E6C}.Debug|Any CPU.Build.0 = Debug|Any CPU
		{2B4D11EA-62B2-4D79-9C33-0FA238277E6C}.Release|Any CPU.ActiveCfg = Release|Any CPU
		{2B4D11EA-62B2-4D79-9C33-0FA238277E6C}.Release|Any CPU.Build.0 = Release|Any CPU
		{4A4C3AD1-C687-4C60-8D1A-06553299ED49}.Debug|Any CPU.ActiveCfg = Debug|Any CPU
		{4A4C3AD1-C687-4C60-8D1A-06553299ED49}.Debug|Any CPU.Build.0 = Debug|Any CPU
		{4A4C3AD1-C687-4C60-8D1A-06553299ED49}.Release|Any CPU.ActiveCfg = Release|Any CPU
		{4A4C3AD1-C687-4C60-8D1A-06553299ED49}.Release|Any CPU.Build.0 = Release|Any CPU
		{EBD5AA3A-5B32-45AD-AB23-DE87269A1B80}.Debug|Any CPU.ActiveCfg = Debug|Any CPU
		{EBD5AA3A-5B32-45AD-AB23-DE87269A1B80}.Debug|Any CPU.Build.0 = Debug|Any CPU
		{EBD5AA3A-5B32-45AD-AB23-DE87269A1B80}.Release|Any CPU.ActiveCfg = Release|Any CPU
		{EBD5AA3A-5B32-45AD-AB23-DE87269A1B80}.Release|Any CPU.Build.0 = Release|Any CPU
	EndGlobalSection
	GlobalSection(SolutionProperties) = preSolution
		HideSolutionNode = FALSE
	EndGlobalSection
	GlobalSection(NestedProjects) = preSolution
		{BD6D0432-26DD-467B-AD1A-DD7747E4C640} = {5E607D4F-67A9-48BB-B9CE-96838BD0944D}
		{AB21B216-3D99-428A-9E75-B8B52AFE59D8} = {5E607D4F-67A9-48BB-B9CE-96838BD0944D}
		{DFE95727-B86A-4A49-8A49-4AD7CECDA531} = {5E607D4F-67A9-48BB-B9CE-96838BD0944D}
		{5089B4CA-9FD9-443F-B51C-56DC4CF07B1D} = {5E607D4F-67A9-48BB-B9CE-96838BD0944D}
		{12F75D70-B9FE-4832-986C-97802577A72F} = {5E607D4F-67A9-48BB-B9CE-96838BD0944D}
		{2C796B3F-E4DC-4606-861B-0509B7F519CD} = {CD2D7F47-0266-48BF-9556-DF0637E0F23E}
		{09AF44D7-158B-448C-B5C6-3A04F837C54F} = {FC29311C-47E4-4BFF-94FB-48D25A5CF14D}
		{2D658B52-BC39-4846-A759-8EFB7F72F59F} = {FC29311C-47E4-4BFF-94FB-48D25A5CF14D}
		{D783959C-7AA3-4743-B992-8BC2B195C400} = {FC29311C-47E4-4BFF-94FB-48D25A5CF14D}
		{593F027A-BFFB-4C3C-9275-8A7EC3AF2823} = {FC29311C-47E4-4BFF-94FB-48D25A5CF14D}
		{3D4C9DBA-3A0B-4579-91CF-4ECDB17927D3} = {FC29311C-47E4-4BFF-94FB-48D25A5CF14D}
		{152522BC-2066-4439-AE21-CFEC9605A6A6} = {F72CC093-C8DF-4E33-9E43-358F46746A36}
		{8936FFB3-D879-42A6-9509-3486EE8FCBAD} = {9FC6F65C-7DAE-4293-B503-48952419E82B}
		{2B4D11EA-62B2-4D79-9C33-0FA238277E6C} = {9FC6F65C-7DAE-4293-B503-48952419E82B}
		{4A4C3AD1-C687-4C60-8D1A-06553299ED49} = {9FC6F65C-7DAE-4293-B503-48952419E82B}
		{EBD5AA3A-5B32-45AD-AB23-DE87269A1B80} = {9FC6F65C-7DAE-4293-B503-48952419E82B}
	EndGlobalSection
	GlobalSection(ExtensibilityGlobals) = postSolution
		SolutionGuid = {3E545681-D4FA-416D-AEAD-64864B58F441}
	EndGlobalSection
EndGlobal
