
Microsoft Visual Studio Solution File, Format Version 12.00
# Visual Studio Version 16
VisualStudioVersion = 16.0.30517.126
MinimumVisualStudioVersion = 10.0.40219.1
Project("{2150E333-8FDC-42A3-9474-1A3956D46DE8}") = "CSharp Features", "CSharp Features", "{5E607D4F-67A9-48BB-B9CE-96838BD0944D}"
EndProject
Project("{9A19103F-16F7-4668-BE54-9A1E7A4F7556}") = "CSharp70_Features", "CSharp70_Features\CSharp70_Features.csproj", "{BD6D0432-26DD-467B-AD1A-DD7747E4C640}"
EndProject
Project("{9A19103F-16F7-4668-BE54-9A1E7A4F7556}") = "CSharp71_Features", "CSharp71_Features\CSharp71_Features.csproj", "{AB21B216-3D99-428A-9E75-B8B52AFE59D8}"
EndProject
Project("{9A19103F-16F7-4668-BE54-9A1E7A4F7556}") = "CSharp71_Sample_AsyncMain", "CSharp71_Sample_AsyncMAi\CSharp71_Sample_AsyncMain.csproj", "{DFE95727-B86A-4A49-8A49-4AD7CECDA531}"
EndProject
Project("{9A19103F-16F7-4668-BE54-9A1E7A4F7556}") = "CSharp72_Features", "CSharp72_Features\CSharp72_Features.csproj", "{5089B4CA-9FD9-443F-B51C-56DC4CF07B1D}"
EndProject
Project("{9A19103F-16F7-4668-BE54-9A1E7A4F7556}") = "CSharp80_Features", "CSharp80_Features\CSharp80_Features.csproj", "{12F75D70-B9FE-4832-986C-97802577A72F}"
EndProject
Project("{2150E333-8FDC-42A3-9474-1A3956D46DE8}") = "WeitereThemen", "WeitereThemen", "{CD2D7F47-0266-48BF-9556-DF0637E0F23E}"
EndProject
Project("{9A19103F-16F7-4668-BE54-9A1E7A4F7556}") = "NullableDataTypes", "NullableDataTypes\NullableDataTypes.csproj", "{2C796B3F-E4DC-4606-861B-0509B7F519CD}"
EndProject
Project("{2150E333-8FDC-42A3-9474-1A3956D46DE8}") = "SOLID", "SOLID", "{FC29311C-47E4-4BFF-94FB-48D25A5CF14D}"
EndProject
Project("{9A19103F-16F7-4668-BE54-9A1E7A4F7556}") = "Responsibility_Princip_OCP", "Responsibility_Princip_OCP\Responsibility_Princip_OCP.csproj", "{09AF44D7-158B-448C-B5C6-3A04F837C54F}"
EndProject
Project("{9A19103F-16F7-4668-BE54-9A1E7A4F7556}") = "OpenClosed_Principle_OCP", "OpenClosed_Principle_OCP\OpenClosed_Principle_OCP.csproj", "{2D658B52-BC39-4846-A759-8EFB7F72F59F}"
EndProject
Project("{9A19103F-16F7-4668-BE54-9A1E7A4F7556}") = "Liskov_substitution_principle_LSP", "Liskov_substitution_principle_LSP\Liskov_substitution_principle_LSP.csproj", "{D783959C-7AA3-4743-B992-8BC2B195C400}"
EndProject
Project("{9A19103F-16F7-4668-BE54-9A1E7A4F7556}") = "Interface_segregation_principle_ISP", "Interface_segregation_principle_ISP\Interface_segregation_principle_ISP.csproj", "{593F027A-BFFB-4C3C-9275-8A7EC3AF2823}"
EndProject
Project("{2150E333-8FDC-42A3-9474-1A3956D46DE8}") = "LinkCollections", "LinkCollections", "{2C8334C5-F22D-4517-80FE-5D98E2BB9397}"
	ProjectSection(SolutionItems) = preProject
		LinkCollection.txt = LinkCollection.txt
	EndProjectSection
EndProject
Project("{9A19103F-16F7-4668-BE54-9A1E7A4F7556}") = "05_Dependency_inversion_principle_DIP", "05_Dependency_inversion_principle_DIP\05_Dependency_inversion_principle_DIP.csproj", "{3D4C9DBA-3A0B-4579-91CF-4ECDB17927D3}"
EndProject
Project("{2150E333-8FDC-42A3-9474-1A3956D46DE8}") = "StringBuilder BenchmarkTest", "StringBuilder BenchmarkTest", "{F72CC093-C8DF-4E33-9E43-358F46746A36}"
EndProject
Project("{9A19103F-16F7-4668-BE54-9A1E7A4F7556}") = "StringBuilderBenachmarkTest", "StringBuilderBenachmarkTest\StringBuilderBenachmarkTest.csproj", "{152522BC-2066-4439-AE21-CFEC9605A6A6}"
EndProject
Project("{2150E333-8FDC-42A3-9474-1A3956D46DE8}") = "Delegates_Event_Func_Action_EventHandler", "Delegates_Event_Func_Action_EventHandler", "{9FC6F65C-7DAE-4293-B503-48952419E82B}"
EndProject
Project("{9A19103F-16F7-4668-BE54-9A1E7A4F7556}") = "DelegatesAndEvents", "DelegatesAndEvents\DelegatesAndEvents.csproj", "{8936FFB3-D879-42A6-9509-3486EE8FCBAD}"
EndProject
Project("{9A19103F-16F7-4668-BE54-9A1E7A4F7556}") = "DelegateWithCallback", "DelegateWithCallback\DelegateWithCallback.csproj", "{2B4D11EA-62B2-4D79-9C33-0FA238277E6C}"
EndProject
Project("{9A19103F-16F7-4668-BE54-9A1E7A4F7556}") = "Events", "Events\Events.csproj", "{4A4C3AD1-C687-4C60-8D1A-06553299ED49}"
EndProject
Project("{9A19103F-16F7-4668-BE54-9A1E7A4F7556}") = "DelegateEvent_And_EventHandler", "DelegateEvent_And_EventHandler\DelegateEvent_And_EventHandler.csproj", "{10DEFCA1-754D-4432-A05E-6EF495A006B6}"
EndProject
Project("{2150E333-8FDC-42A3-9474-1A3956D46DE8}") = "Wiederholung Tag1", "Wiederholung Tag1", "{5E924513-090D-4E46-A179-CED6BB3125E7}"
EndProject
Project("{9A19103F-16F7-4668-BE54-9A1E7A4F7556}") = "Interface_Default_Implementation", "Interface_Default_Implementation\Interface_Default_Implementation.csproj", "{5B249AE9-C08F-4D02-95CB-37E5790B3007}"
EndProject
Project("{2150E333-8FDC-42A3-9474-1A3956D46DE8}") = "Threading_TPL", "Threading_TPL", "{F64C6217-519E-417B-9DE6-AF7902C9CD8C}"
EndProject
Project("{9A19103F-16F7-4668-BE54-9A1E7A4F7556}") = "001_ParameterloserThread", "001_ParameterloserThread\001_ParameterloserThread.csproj", "{107DD6F7-C398-4197-A35E-509B1E8A1E63}"
EndProject
Project("{9A19103F-16F7-4668-BE54-9A1E7A4F7556}") = "002_ParameterizedThread", "002_ParameterizedThread\002_ParameterizedThread.csproj", "{6A895380-A1CA-4EDB-9B1F-F314442F9791}"
EndProject
Project("{9A19103F-16F7-4668-BE54-9A1E7A4F7556}") = "003_ThreadPool", "003_ThreadPool\003_ThreadPool.csproj", "{639918CC-5BE2-44F9-B5A0-F980331948EB}"
EndProject
Project("{9A19103F-16F7-4668-BE54-9A1E7A4F7556}") = "004_Lock", "004_Lock\004_Lock.csproj", "{B647A7E2-5C5E-4EC2-9439-40793FDBD53F}"
EndProject
Project("{2150E333-8FDC-42A3-9474-1A3956D46DE8}") = "Threading in Verbindung mit Singleton Pattern", "Threading in Verbindung mit Singleton Pattern", "{3F7E6AF6-B456-4F28-BE99-36F7EF75C428}"
EndProject
Project("{9A19103F-16F7-4668-BE54-9A1E7A4F7556}") = "SingletonSample", "SingletonSample\SingletonSample.csproj", "{8CFBED3B-29E6-4D14-B484-04C4B12BBC0C}"
EndProject
Project("{9A19103F-16F7-4668-BE54-9A1E7A4F7556}") = "SingletonSampleQ1", "SingletonSampleQ1\SingletonSampleQ1.csproj", "{0A42E6F6-E2B0-4D18-BCF8-22463DC26B88}"
EndProject
Project("{9A19103F-16F7-4668-BE54-9A1E7A4F7556}") = "SingletonSampleQ2", "SingletonSampleQ2\SingletonSampleQ2.csproj", "{5BA0C8A1-F733-4131-846C-3137818C97CB}"
EndProject
Project("{2150E333-8FDC-42A3-9474-1A3956D46DE8}") = "Lock_Monitor_Mutex_Semaphore", "Lock_Monitor_Mutex_Semaphore", "{99ED3B52-1A05-4174-88CB-8308DF3A1A04}"
EndProject
Project("{9A19103F-16F7-4668-BE54-9A1E7A4F7556}") = "MonitorSample", "MonitorSample\MonitorSample.csproj", "{60B88431-2668-4902-A29B-EACAEA6A3DAC}"
EndProject
Project("{9A19103F-16F7-4668-BE54-9A1E7A4F7556}") = "MutexSample1", "MutexSample\MutexSample1.csproj", "{660EBD8F-1CF7-4E29-B763-DB4D570D6DEA}"
EndProject
Project("{9A19103F-16F7-4668-BE54-9A1E7A4F7556}") = "Mutext_ProgrammInstanceSample", "Mutext_ProgrammInstanceSample\Mutext_ProgrammInstanceSample.csproj", "{EB564567-65F9-4ECD-8153-A7F21BA4F6E9}"
EndProject
Project("{9A19103F-16F7-4668-BE54-9A1E7A4F7556}") = "SemaphoreSample", "SemaphoreSample\SemaphoreSample.csproj", "{4FE56F97-D328-45EF-94D3-6A3FC12436B9}"
EndProject
Project("{9A19103F-16F7-4668-BE54-9A1E7A4F7556}") = "SemaphoreSample2", "SemaphoreSample2\SemaphoreSample2.csproj", "{5190D3F0-3ADC-4C7E-A5F0-2F9D5FEA7EA7}"
EndProject
Project("{2150E333-8FDC-42A3-9474-1A3956D46DE8}") = "TPL", "TPL", "{D544B580-9ED2-42CF-BB2B-448169F24D5C}"
EndProject
Project("{9A19103F-16F7-4668-BE54-9A1E7A4F7556}") = "001_EinfacherTask", "001_EinfacherTask\001_EinfacherTask.csproj", "{546DFFDD-0B48-409E-BDFC-A274DED3DBEB}"
EndProject
Project("{9A19103F-16F7-4668-BE54-9A1E7A4F7556}") = "002_TaskFactory", "002_TaskFactory\002_TaskFactory.csproj", "{37F33435-B9FB-451C-83EA-F47B59A4743C}"
EndProject
Project("{9A19103F-16F7-4668-BE54-9A1E7A4F7556}") = "003_TaskMitParameter", "003_TaskMitParameter\003_TaskMitParameter.csproj", "{C9F9E246-79CC-434A-9707-00A32DC2908B}"
EndProject
Project("{9A19103F-16F7-4668-BE54-9A1E7A4F7556}") = "004_TaskBeenden", "004_TaskBeenden\004_TaskBeenden.csproj", "{4F9ACF37-E903-4E64-AAA7-48D7F1D0F026}"
EndProject
Project("{9A19103F-16F7-4668-BE54-9A1E7A4F7556}") = "005_TaskMitException", "005_TaskMitException\005_TaskMitException.csproj", "{71804E7D-A30A-4ADE-A969-31A0CBAE8D0E}"
EndProject
Project("{9A19103F-16F7-4668-BE54-9A1E7A4F7556}") = "006_Verketten_von_Tasks_mithilfe_von_Fortsetzungstasks", "006_Verketten_von_Tasks_mithilfe_von_Fortsetzungstasks\006_Verketten_von_Tasks_mithilfe_von_Fortsetzungstasks.csproj", "{8CE70A66-315D-4D3B-BF36-DA2BCE46AB8C}"
EndProject
Project("{9A19103F-16F7-4668-BE54-9A1E7A4F7556}") = "007_Erstellen_einer_Fortsetzung_für_mehrere_Vorgänger", "007_Erstellen_einer_Fortsetzung_für_mehrere_Vorgänger\007_Erstellen_einer_Fortsetzung_für_mehrere_Vorgänger.csproj", "{9C914799-4428-4AA1-BE11-3631AF8BCAE6}"
EndProject
Project("{9A19103F-16F7-4668-BE54-9A1E7A4F7556}") = "008_Übergeben_von_Daten_an_eine_Fortsetzung", "008_Übergeben_von_Daten_an_eine_Fortsetzung\008_Übergeben_von_Daten_an_eine_Fortsetzung.csproj", "{F3D06891-C50B-4CD1-818C-DB233CBAF915}"
EndProject
Project("{9A19103F-16F7-4668-BE54-9A1E7A4F7556}") = "008_Übergeben_von_Daten_an_eine_Fortsetzung_MitStatusCheck", "008_Übergeben_von_Daten_an_eine_Fortsetzung_MitStatusCheck\008_Übergeben_von_Daten_an_eine_Fortsetzung_MitStatusCheck.csproj", "{3F971F63-7F1A-414F-B9C7-8F521CC0080B}"
EndProject
Project("{9A19103F-16F7-4668-BE54-9A1E7A4F7556}") = "009_Abbrechen_einer_Fortsetzung", "009_Abbrechen_einer_Fortsetzung\009_Abbrechen_einer_Fortsetzung.csproj", "{8DDEC448-0593-474B-B5DC-D6AF188BB7CD}"
EndProject
Project("{9A19103F-16F7-4668-BE54-9A1E7A4F7556}") = "009_Abbrechen_einer_FortsetzungB", "009_Abbrechen_einer_FortsetzungB\009_Abbrechen_einer_FortsetzungB.csproj", "{D34944CA-D303-4DCB-AEE9-FCB087A3A4FE}"
EndProject
Project("{9A19103F-16F7-4668-BE54-9A1E7A4F7556}") = "010_Fortsetzungen_und_untergeordnete_Tasks", "010_Fortsetzungen_und_untergeordnete_Tasks\010_Fortsetzungen_und_untergeordnete_Tasks.csproj", "{11DCEFD5-BC31-45D0-BBC3-5EFD9852D847}"
EndProject
Project("{9A19103F-16F7-4668-BE54-9A1E7A4F7556}") = "010_Fortsetzungen_und_untergeordnete_Tasks_B", "010_Fortsetzungen_und_untergeordnete_Tasks_B\010_Fortsetzungen_und_untergeordnete_Tasks_B.csproj", "{3C29F0D0-1F20-4771-AD67-8457B9FED9A6}"
EndProject
Project("{9A19103F-16F7-4668-BE54-9A1E7A4F7556}") = "011_Zuordnen_eines_Zustands_zu_Fortsetzungen", "011_Zuordnen_eines_Zustands_zu_Fortsetzungen\011_Zuordnen_eines_Zustands_zu_Fortsetzungen.csproj", "{1E0E153D-4541-4C1A-B94B-2650EF8F182B}"
EndProject
Project("{9A19103F-16F7-4668-BE54-9A1E7A4F7556}") = "012_Fortsetzungen_die_Tasktypen_zurückgeben", "Fortsetzungen_die_Tasktypen_zurückgeben\012_Fortsetzungen_die_Tasktypen_zurückgeben.csproj", "{43A38BFA-4841-4149-9490-4945CDD6E57C}"
EndProject
Project("{9A19103F-16F7-4668-BE54-9A1E7A4F7556}") = "013_Behandeln_von_durch_Fortsetzungen_ausgelösten_Ausnahmen", "013_Behandeln_von_durch_Fortsetzungen_ausgelösten_Ausnahmen\013_Behandeln_von_durch_Fortsetzungen_ausgelösten_Ausnahmen.csproj", "{41B8EA53-D5BA-4D61-B6EE-64BB7F5BA228}"
EndProject
Project("{9A19103F-16F7-4668-BE54-9A1E7A4F7556}") = "013_Behandeln_von_durch_Fortsetzungen_ausgelösten_AusnahmenB", "013_Behandeln_von_durch_Fortsetzungen_ausgelösten_AusnahmenB\013_Behandeln_von_durch_Fortsetzungen_ausgelösten_AusnahmenB.csproj", "{5151A3B6-6D20-4815-8DF9-1E2180827E58}"
EndProject
Project("{2150E333-8FDC-42A3-9474-1A3956D46DE8}") = "AwaitAsync_Pattern", "AwaitAsync_Pattern", "{942BD528-359B-45BA-8F79-C7992FA851B1}"
EndProject
Project("{9A19103F-16F7-4668-BE54-9A1E7A4F7556}") = "Async_Await_With_ReturnValues", "Async_Await_With_ReturnValues\Async_Await_With_ReturnValues.csproj", "{14466347-5E4E-4345-A14B-2AC488C4028F}"
EndProject
Project("{2150E333-8FDC-42A3-9474-1A3956D46DE8}") = "Serialisierung", "Serialisierung", "{FCF9D61C-2F00-4176-ADD0-7D7EFA8F8FB3}"
EndProject
Project("{9A19103F-16F7-4668-BE54-9A1E7A4F7556}") = "SerialisierungSample", "SerialisierungSample\SerialisierungSample.csproj", "{D4473F2C-DC9B-4A5A-9082-B3E37DFECAE8}"
EndProject
Project("{2150E333-8FDC-42A3-9474-1A3956D46DE8}") = "Operatoren", "Operatoren", "{80053793-AFA4-4979-A81D-10F32C1889B0}"
EndProject
Project("{9A19103F-16F7-4668-BE54-9A1E7A4F7556}") = "OperatorenSample", "OperatorenSample\OperatorenSample.csproj", "{927D51AE-0157-4968-8BCA-B1473C1AAAD3}"
EndProject
Project("{FAE04EC0-301F-11D3-BF4B-00C04F79EFBC}") = "BenchmarkTest_ParallelForVSFor", "BenchmarkTest_ParallelForVSFor\BenchmarkTest_ParallelForVSFor.csproj", "{0BAFD4B9-B8CC-4159-B7D8-79E3391FC9C7}"
EndProject
Project("{2150E333-8FDC-42A3-9474-1A3956D46DE8}") = "Generics", "Generics", "{9827583B-F59B-4132-A89D-AB840BCE524E}"
EndProject
Project("{FAE04EC0-301F-11D3-BF4B-00C04F79EFBC}") = "GenericSample", "GenericSample\GenericSample.csproj", "{E1DCD125-6030-4401-8BF9-15131F80D0F1}"
EndProject
Project("{FAE04EC0-301F-11D3-BF4B-00C04F79EFBC}") = "Gernics_Constraints", "Gernics_Constraints\Gernics_Constraints.csproj", "{07C731A8-97B6-4A79-9ACB-339C44343C9C}"
EndProject
Project("{2150E333-8FDC-42A3-9474-1A3956D46DE8}") = "Linq_Lambda", "Linq_Lambda", "{8906EEB7-127B-4428-AE7E-52C664839BEA}"
EndProject
Project("{FAE04EC0-301F-11D3-BF4B-00C04F79EFBC}") = "LinqSample", "LinqSample\LinqSample.csproj", "{3CF6C0D2-593F-44DC-8874-18097A33DCD3}"
EndProject
Project("{2150E333-8FDC-42A3-9474-1A3956D46DE8}") = "GenericRepository", "GenericRepository", "{4FA25AC8-0F11-46BC-92EC-05C5C9BD7323}"
EndProject
Project("{FAE04EC0-301F-11D3-BF4B-00C04F79EFBC}") = "GenericRepositorySample", "GenericRepositorySample\GenericRepositorySample.csproj", "{6DEBBBF9-5BEB-4C33-B4DC-BF65FD87FFDD}"
EndProject
Global
	GlobalSection(SolutionConfigurationPlatforms) = preSolution
		Debug|Any CPU = Debug|Any CPU
		Release|Any CPU = Release|Any CPU
	EndGlobalSection
	GlobalSection(ProjectConfigurationPlatforms) = postSolution
		{BD6D0432-26DD-467B-AD1A-DD7747E4C640}.Debug|Any CPU.ActiveCfg = Debug|Any CPU
		{BD6D0432-26DD-467B-AD1A-DD7747E4C640}.Debug|Any CPU.Build.0 = Debug|Any CPU
		{BD6D0432-26DD-467B-AD1A-DD7747E4C640}.Release|Any CPU.ActiveCfg = Release|Any CPU
		{BD6D0432-26DD-467B-AD1A-DD7747E4C640}.Release|Any CPU.Build.0 = Release|Any CPU
		{AB21B216-3D99-428A-9E75-B8B52AFE59D8}.Debug|Any CPU.ActiveCfg = Debug|Any CPU
		{AB21B216-3D99-428A-9E75-B8B52AFE59D8}.Debug|Any CPU.Build.0 = Debug|Any CPU
		{AB21B216-3D99-428A-9E75-B8B52AFE59D8}.Release|Any CPU.ActiveCfg = Release|Any CPU
		{AB21B216-3D99-428A-9E75-B8B52AFE59D8}.Release|Any CPU.Build.0 = Release|Any CPU
		{DFE95727-B86A-4A49-8A49-4AD7CECDA531}.Debug|Any CPU.ActiveCfg = Debug|Any CPU
		{DFE95727-B86A-4A49-8A49-4AD7CECDA531}.Debug|Any CPU.Build.0 = Debug|Any CPU
		{DFE95727-B86A-4A49-8A49-4AD7CECDA531}.Release|Any CPU.ActiveCfg = Release|Any CPU
		{DFE95727-B86A-4A49-8A49-4AD7CECDA531}.Release|Any CPU.Build.0 = Release|Any CPU
		{5089B4CA-9FD9-443F-B51C-56DC4CF07B1D}.Debug|Any CPU.ActiveCfg = Debug|Any CPU
		{5089B4CA-9FD9-443F-B51C-56DC4CF07B1D}.Debug|Any CPU.Build.0 = Debug|Any CPU
		{5089B4CA-9FD9-443F-B51C-56DC4CF07B1D}.Release|Any CPU.ActiveCfg = Release|Any CPU
		{5089B4CA-9FD9-443F-B51C-56DC4CF07B1D}.Release|Any CPU.Build.0 = Release|Any CPU
		{12F75D70-B9FE-4832-986C-97802577A72F}.Debug|Any CPU.ActiveCfg = Debug|Any CPU
		{12F75D70-B9FE-4832-986C-97802577A72F}.Debug|Any CPU.Build.0 = Debug|Any CPU
		{12F75D70-B9FE-4832-986C-97802577A72F}.Release|Any CPU.ActiveCfg = Release|Any CPU
		{12F75D70-B9FE-4832-986C-97802577A72F}.Release|Any CPU.Build.0 = Release|Any CPU
		{2C796B3F-E4DC-4606-861B-0509B7F519CD}.Debug|Any CPU.ActiveCfg = Debug|Any CPU
		{2C796B3F-E4DC-4606-861B-0509B7F519CD}.Debug|Any CPU.Build.0 = Debug|Any CPU
		{2C796B3F-E4DC-4606-861B-0509B7F519CD}.Release|Any CPU.ActiveCfg = Release|Any CPU
		{2C796B3F-E4DC-4606-861B-0509B7F519CD}.Release|Any CPU.Build.0 = Release|Any CPU
		{09AF44D7-158B-448C-B5C6-3A04F837C54F}.Debug|Any CPU.ActiveCfg = Debug|Any CPU
		{09AF44D7-158B-448C-B5C6-3A04F837C54F}.Debug|Any CPU.Build.0 = Debug|Any CPU
		{09AF44D7-158B-448C-B5C6-3A04F837C54F}.Release|Any CPU.ActiveCfg = Release|Any CPU
		{09AF44D7-158B-448C-B5C6-3A04F837C54F}.Release|Any CPU.Build.0 = Release|Any CPU
		{2D658B52-BC39-4846-A759-8EFB7F72F59F}.Debug|Any CPU.ActiveCfg = Debug|Any CPU
		{2D658B52-BC39-4846-A759-8EFB7F72F59F}.Debug|Any CPU.Build.0 = Debug|Any CPU
		{2D658B52-BC39-4846-A759-8EFB7F72F59F}.Release|Any CPU.ActiveCfg = Release|Any CPU
		{2D658B52-BC39-4846-A759-8EFB7F72F59F}.Release|Any CPU.Build.0 = Release|Any CPU
		{D783959C-7AA3-4743-B992-8BC2B195C400}.Debug|Any CPU.ActiveCfg = Debug|Any CPU
		{D783959C-7AA3-4743-B992-8BC2B195C400}.Debug|Any CPU.Build.0 = Debug|Any CPU
		{D783959C-7AA3-4743-B992-8BC2B195C400}.Release|Any CPU.ActiveCfg = Release|Any CPU
		{D783959C-7AA3-4743-B992-8BC2B195C400}.Release|Any CPU.Build.0 = Release|Any CPU
		{593F027A-BFFB-4C3C-9275-8A7EC3AF2823}.Debug|Any CPU.ActiveCfg = Debug|Any CPU
		{593F027A-BFFB-4C3C-9275-8A7EC3AF2823}.Debug|Any CPU.Build.0 = Debug|Any CPU
		{593F027A-BFFB-4C3C-9275-8A7EC3AF2823}.Release|Any CPU.ActiveCfg = Release|Any CPU
		{593F027A-BFFB-4C3C-9275-8A7EC3AF2823}.Release|Any CPU.Build.0 = Release|Any CPU
		{3D4C9DBA-3A0B-4579-91CF-4ECDB17927D3}.Debug|Any CPU.ActiveCfg = Debug|Any CPU
		{3D4C9DBA-3A0B-4579-91CF-4ECDB17927D3}.Debug|Any CPU.Build.0 = Debug|Any CPU
		{3D4C9DBA-3A0B-4579-91CF-4ECDB17927D3}.Release|Any CPU.ActiveCfg = Release|Any CPU
		{3D4C9DBA-3A0B-4579-91CF-4ECDB17927D3}.Release|Any CPU.Build.0 = Release|Any CPU
		{152522BC-2066-4439-AE21-CFEC9605A6A6}.Debug|Any CPU.ActiveCfg = Debug|Any CPU
		{152522BC-2066-4439-AE21-CFEC9605A6A6}.Debug|Any CPU.Build.0 = Debug|Any CPU
		{152522BC-2066-4439-AE21-CFEC9605A6A6}.Release|Any CPU.ActiveCfg = Release|Any CPU
		{152522BC-2066-4439-AE21-CFEC9605A6A6}.Release|Any CPU.Build.0 = Release|Any CPU
		{8936FFB3-D879-42A6-9509-3486EE8FCBAD}.Debug|Any CPU.ActiveCfg = Debug|Any CPU
		{8936FFB3-D879-42A6-9509-3486EE8FCBAD}.Debug|Any CPU.Build.0 = Debug|Any CPU
		{8936FFB3-D879-42A6-9509-3486EE8FCBAD}.Release|Any CPU.ActiveCfg = Release|Any CPU
		{8936FFB3-D879-42A6-9509-3486EE8FCBAD}.Release|Any CPU.Build.0 = Release|Any CPU
		{2B4D11EA-62B2-4D79-9C33-0FA238277E6C}.Debug|Any CPU.ActiveCfg = Debug|Any CPU
		{2B4D11EA-62B2-4D79-9C33-0FA238277E6C}.Debug|Any CPU.Build.0 = Debug|Any CPU
		{2B4D11EA-62B2-4D79-9C33-0FA238277E6C}.Release|Any CPU.ActiveCfg = Release|Any CPU
		{2B4D11EA-62B2-4D79-9C33-0FA238277E6C}.Release|Any CPU.Build.0 = Release|Any CPU
		{4A4C3AD1-C687-4C60-8D1A-06553299ED49}.Debug|Any CPU.ActiveCfg = Debug|Any CPU
		{4A4C3AD1-C687-4C60-8D1A-06553299ED49}.Debug|Any CPU.Build.0 = Debug|Any CPU
		{4A4C3AD1-C687-4C60-8D1A-06553299ED49}.Release|Any CPU.ActiveCfg = Release|Any CPU
		{4A4C3AD1-C687-4C60-8D1A-06553299ED49}.Release|Any CPU.Build.0 = Release|Any CPU
		{10DEFCA1-754D-4432-A05E-6EF495A006B6}.Debug|Any CPU.ActiveCfg = Debug|Any CPU
		{10DEFCA1-754D-4432-A05E-6EF495A006B6}.Debug|Any CPU.Build.0 = Debug|Any CPU
		{10DEFCA1-754D-4432-A05E-6EF495A006B6}.Release|Any CPU.ActiveCfg = Release|Any CPU
		{10DEFCA1-754D-4432-A05E-6EF495A006B6}.Release|Any CPU.Build.0 = Release|Any CPU
		{5B249AE9-C08F-4D02-95CB-37E5790B3007}.Debug|Any CPU.ActiveCfg = Debug|Any CPU
		{5B249AE9-C08F-4D02-95CB-37E5790B3007}.Debug|Any CPU.Build.0 = Debug|Any CPU
		{5B249AE9-C08F-4D02-95CB-37E5790B3007}.Release|Any CPU.ActiveCfg = Release|Any CPU
		{5B249AE9-C08F-4D02-95CB-37E5790B3007}.Release|Any CPU.Build.0 = Release|Any CPU
		{107DD6F7-C398-4197-A35E-509B1E8A1E63}.Debug|Any CPU.ActiveCfg = Debug|Any CPU
		{107DD6F7-C398-4197-A35E-509B1E8A1E63}.Debug|Any CPU.Build.0 = Debug|Any CPU
		{107DD6F7-C398-4197-A35E-509B1E8A1E63}.Release|Any CPU.ActiveCfg = Release|Any CPU
		{107DD6F7-C398-4197-A35E-509B1E8A1E63}.Release|Any CPU.Build.0 = Release|Any CPU
		{6A895380-A1CA-4EDB-9B1F-F314442F9791}.Debug|Any CPU.ActiveCfg = Debug|Any CPU
		{6A895380-A1CA-4EDB-9B1F-F314442F9791}.Debug|Any CPU.Build.0 = Debug|Any CPU
		{6A895380-A1CA-4EDB-9B1F-F314442F9791}.Release|Any CPU.ActiveCfg = Release|Any CPU
		{6A895380-A1CA-4EDB-9B1F-F314442F9791}.Release|Any CPU.Build.0 = Release|Any CPU
		{639918CC-5BE2-44F9-B5A0-F980331948EB}.Debug|Any CPU.ActiveCfg = Debug|Any CPU
		{639918CC-5BE2-44F9-B5A0-F980331948EB}.Debug|Any CPU.Build.0 = Debug|Any CPU
		{639918CC-5BE2-44F9-B5A0-F980331948EB}.Release|Any CPU.ActiveCfg = Release|Any CPU
		{639918CC-5BE2-44F9-B5A0-F980331948EB}.Release|Any CPU.Build.0 = Release|Any CPU
		{B647A7E2-5C5E-4EC2-9439-40793FDBD53F}.Debug|Any CPU.ActiveCfg = Debug|Any CPU
		{B647A7E2-5C5E-4EC2-9439-40793FDBD53F}.Debug|Any CPU.Build.0 = Debug|Any CPU
		{B647A7E2-5C5E-4EC2-9439-40793FDBD53F}.Release|Any CPU.ActiveCfg = Release|Any CPU
		{B647A7E2-5C5E-4EC2-9439-40793FDBD53F}.Release|Any CPU.Build.0 = Release|Any CPU
		{8CFBED3B-29E6-4D14-B484-04C4B12BBC0C}.Debug|Any CPU.ActiveCfg = Debug|Any CPU
		{8CFBED3B-29E6-4D14-B484-04C4B12BBC0C}.Debug|Any CPU.Build.0 = Debug|Any CPU
		{8CFBED3B-29E6-4D14-B484-04C4B12BBC0C}.Release|Any CPU.ActiveCfg = Release|Any CPU
		{8CFBED3B-29E6-4D14-B484-04C4B12BBC0C}.Release|Any CPU.Build.0 = Release|Any CPU
		{0A42E6F6-E2B0-4D18-BCF8-22463DC26B88}.Debug|Any CPU.ActiveCfg = Debug|Any CPU
		{0A42E6F6-E2B0-4D18-BCF8-22463DC26B88}.Debug|Any CPU.Build.0 = Debug|Any CPU
		{0A42E6F6-E2B0-4D18-BCF8-22463DC26B88}.Release|Any CPU.ActiveCfg = Release|Any CPU
		{0A42E6F6-E2B0-4D18-BCF8-22463DC26B88}.Release|Any CPU.Build.0 = Release|Any CPU
		{5BA0C8A1-F733-4131-846C-3137818C97CB}.Debug|Any CPU.ActiveCfg = Debug|Any CPU
		{5BA0C8A1-F733-4131-846C-3137818C97CB}.Debug|Any CPU.Build.0 = Debug|Any CPU
		{5BA0C8A1-F733-4131-846C-3137818C97CB}.Release|Any CPU.ActiveCfg = Release|Any CPU
		{5BA0C8A1-F733-4131-846C-3137818C97CB}.Release|Any CPU.Build.0 = Release|Any CPU
		{60B88431-2668-4902-A29B-EACAEA6A3DAC}.Debug|Any CPU.ActiveCfg = Debug|Any CPU
		{60B88431-2668-4902-A29B-EACAEA6A3DAC}.Debug|Any CPU.Build.0 = Debug|Any CPU
		{60B88431-2668-4902-A29B-EACAEA6A3DAC}.Release|Any CPU.ActiveCfg = Release|Any CPU
		{60B88431-2668-4902-A29B-EACAEA6A3DAC}.Release|Any CPU.Build.0 = Release|Any CPU
		{660EBD8F-1CF7-4E29-B763-DB4D570D6DEA}.Debug|Any CPU.ActiveCfg = Debug|Any CPU
		{660EBD8F-1CF7-4E29-B763-DB4D570D6DEA}.Debug|Any CPU.Build.0 = Debug|Any CPU
		{660EBD8F-1CF7-4E29-B763-DB4D570D6DEA}.Release|Any CPU.ActiveCfg = Release|Any CPU
		{660EBD8F-1CF7-4E29-B763-DB4D570D6DEA}.Release|Any CPU.Build.0 = Release|Any CPU
		{EB564567-65F9-4ECD-8153-A7F21BA4F6E9}.Debug|Any CPU.ActiveCfg = Debug|Any CPU
		{EB564567-65F9-4ECD-8153-A7F21BA4F6E9}.Debug|Any CPU.Build.0 = Debug|Any CPU
		{EB564567-65F9-4ECD-8153-A7F21BA4F6E9}.Release|Any CPU.ActiveCfg = Release|Any CPU
		{EB564567-65F9-4ECD-8153-A7F21BA4F6E9}.Release|Any CPU.Build.0 = Release|Any CPU
		{4FE56F97-D328-45EF-94D3-6A3FC12436B9}.Debug|Any CPU.ActiveCfg = Debug|Any CPU
		{4FE56F97-D328-45EF-94D3-6A3FC12436B9}.Debug|Any CPU.Build.0 = Debug|Any CPU
		{4FE56F97-D328-45EF-94D3-6A3FC12436B9}.Release|Any CPU.ActiveCfg = Release|Any CPU
		{4FE56F97-D328-45EF-94D3-6A3FC12436B9}.Release|Any CPU.Build.0 = Release|Any CPU
		{5190D3F0-3ADC-4C7E-A5F0-2F9D5FEA7EA7}.Debug|Any CPU.ActiveCfg = Debug|Any CPU
		{5190D3F0-3ADC-4C7E-A5F0-2F9D5FEA7EA7}.Debug|Any CPU.Build.0 = Debug|Any CPU
		{5190D3F0-3ADC-4C7E-A5F0-2F9D5FEA7EA7}.Release|Any CPU.ActiveCfg = Release|Any CPU
		{5190D3F0-3ADC-4C7E-A5F0-2F9D5FEA7EA7}.Release|Any CPU.Build.0 = Release|Any CPU
		{546DFFDD-0B48-409E-BDFC-A274DED3DBEB}.Debug|Any CPU.ActiveCfg = Debug|Any CPU
		{546DFFDD-0B48-409E-BDFC-A274DED3DBEB}.Debug|Any CPU.Build.0 = Debug|Any CPU
		{546DFFDD-0B48-409E-BDFC-A274DED3DBEB}.Release|Any CPU.ActiveCfg = Release|Any CPU
		{546DFFDD-0B48-409E-BDFC-A274DED3DBEB}.Release|Any CPU.Build.0 = Release|Any CPU
		{37F33435-B9FB-451C-83EA-F47B59A4743C}.Debug|Any CPU.ActiveCfg = Debug|Any CPU
		{37F33435-B9FB-451C-83EA-F47B59A4743C}.Debug|Any CPU.Build.0 = Debug|Any CPU
		{37F33435-B9FB-451C-83EA-F47B59A4743C}.Release|Any CPU.ActiveCfg = Release|Any CPU
		{37F33435-B9FB-451C-83EA-F47B59A4743C}.Release|Any CPU.Build.0 = Release|Any CPU
		{C9F9E246-79CC-434A-9707-00A32DC2908B}.Debug|Any CPU.ActiveCfg = Debug|Any CPU
		{C9F9E246-79CC-434A-9707-00A32DC2908B}.Debug|Any CPU.Build.0 = Debug|Any CPU
		{C9F9E246-79CC-434A-9707-00A32DC2908B}.Release|Any CPU.ActiveCfg = Release|Any CPU
		{C9F9E246-79CC-434A-9707-00A32DC2908B}.Release|Any CPU.Build.0 = Release|Any CPU
		{4F9ACF37-E903-4E64-AAA7-48D7F1D0F026}.Debug|Any CPU.ActiveCfg = Debug|Any CPU
		{4F9ACF37-E903-4E64-AAA7-48D7F1D0F026}.Debug|Any CPU.Build.0 = Debug|Any CPU
		{4F9ACF37-E903-4E64-AAA7-48D7F1D0F026}.Release|Any CPU.ActiveCfg = Release|Any CPU
		{4F9ACF37-E903-4E64-AAA7-48D7F1D0F026}.Release|Any CPU.Build.0 = Release|Any CPU
		{71804E7D-A30A-4ADE-A969-31A0CBAE8D0E}.Debug|Any CPU.ActiveCfg = Debug|Any CPU
		{71804E7D-A30A-4ADE-A969-31A0CBAE8D0E}.Debug|Any CPU.Build.0 = Debug|Any CPU
		{71804E7D-A30A-4ADE-A969-31A0CBAE8D0E}.Release|Any CPU.ActiveCfg = Release|Any CPU
		{71804E7D-A30A-4ADE-A969-31A0CBAE8D0E}.Release|Any CPU.Build.0 = Release|Any CPU
		{8CE70A66-315D-4D3B-BF36-DA2BCE46AB8C}.Debug|Any CPU.ActiveCfg = Debug|Any CPU
		{8CE70A66-315D-4D3B-BF36-DA2BCE46AB8C}.Debug|Any CPU.Build.0 = Debug|Any CPU
		{8CE70A66-315D-4D3B-BF36-DA2BCE46AB8C}.Release|Any CPU.ActiveCfg = Release|Any CPU
		{8CE70A66-315D-4D3B-BF36-DA2BCE46AB8C}.Release|Any CPU.Build.0 = Release|Any CPU
		{9C914799-4428-4AA1-BE11-3631AF8BCAE6}.Debug|Any CPU.ActiveCfg = Debug|Any CPU
		{9C914799-4428-4AA1-BE11-3631AF8BCAE6}.Debug|Any CPU.Build.0 = Debug|Any CPU
		{9C914799-4428-4AA1-BE11-3631AF8BCAE6}.Release|Any CPU.ActiveCfg = Release|Any CPU
		{9C914799-4428-4AA1-BE11-3631AF8BCAE6}.Release|Any CPU.Build.0 = Release|Any CPU
		{F3D06891-C50B-4CD1-818C-DB233CBAF915}.Debug|Any CPU.ActiveCfg = Debug|Any CPU
		{F3D06891-C50B-4CD1-818C-DB233CBAF915}.Debug|Any CPU.Build.0 = Debug|Any CPU
		{F3D06891-C50B-4CD1-818C-DB233CBAF915}.Release|Any CPU.ActiveCfg = Release|Any CPU
		{F3D06891-C50B-4CD1-818C-DB233CBAF915}.Release|Any CPU.Build.0 = Release|Any CPU
		{3F971F63-7F1A-414F-B9C7-8F521CC0080B}.Debug|Any CPU.ActiveCfg = Debug|Any CPU
		{3F971F63-7F1A-414F-B9C7-8F521CC0080B}.Debug|Any CPU.Build.0 = Debug|Any CPU
		{3F971F63-7F1A-414F-B9C7-8F521CC0080B}.Release|Any CPU.ActiveCfg = Release|Any CPU
		{3F971F63-7F1A-414F-B9C7-8F521CC0080B}.Release|Any CPU.Build.0 = Release|Any CPU
		{8DDEC448-0593-474B-B5DC-D6AF188BB7CD}.Debug|Any CPU.ActiveCfg = Debug|Any CPU
		{8DDEC448-0593-474B-B5DC-D6AF188BB7CD}.Debug|Any CPU.Build.0 = Debug|Any CPU
		{8DDEC448-0593-474B-B5DC-D6AF188BB7CD}.Release|Any CPU.ActiveCfg = Release|Any CPU
		{8DDEC448-0593-474B-B5DC-D6AF188BB7CD}.Release|Any CPU.Build.0 = Release|Any CPU
		{D34944CA-D303-4DCB-AEE9-FCB087A3A4FE}.Debug|Any CPU.ActiveCfg = Debug|Any CPU
		{D34944CA-D303-4DCB-AEE9-FCB087A3A4FE}.Debug|Any CPU.Build.0 = Debug|Any CPU
		{D34944CA-D303-4DCB-AEE9-FCB087A3A4FE}.Release|Any CPU.ActiveCfg = Release|Any CPU
		{D34944CA-D303-4DCB-AEE9-FCB087A3A4FE}.Release|Any CPU.Build.0 = Release|Any CPU
		{11DCEFD5-BC31-45D0-BBC3-5EFD9852D847}.Debug|Any CPU.ActiveCfg = Debug|Any CPU
		{11DCEFD5-BC31-45D0-BBC3-5EFD9852D847}.Debug|Any CPU.Build.0 = Debug|Any CPU
		{11DCEFD5-BC31-45D0-BBC3-5EFD9852D847}.Release|Any CPU.ActiveCfg = Release|Any CPU
		{11DCEFD5-BC31-45D0-BBC3-5EFD9852D847}.Release|Any CPU.Build.0 = Release|Any CPU
		{3C29F0D0-1F20-4771-AD67-8457B9FED9A6}.Debug|Any CPU.ActiveCfg = Debug|Any CPU
		{3C29F0D0-1F20-4771-AD67-8457B9FED9A6}.Debug|Any CPU.Build.0 = Debug|Any CPU
		{3C29F0D0-1F20-4771-AD67-8457B9FED9A6}.Release|Any CPU.ActiveCfg = Release|Any CPU
		{3C29F0D0-1F20-4771-AD67-8457B9FED9A6}.Release|Any CPU.Build.0 = Release|Any CPU
		{1E0E153D-4541-4C1A-B94B-2650EF8F182B}.Debug|Any CPU.ActiveCfg = Debug|Any CPU
		{1E0E153D-4541-4C1A-B94B-2650EF8F182B}.Debug|Any CPU.Build.0 = Debug|Any CPU
		{1E0E153D-4541-4C1A-B94B-2650EF8F182B}.Release|Any CPU.ActiveCfg = Release|Any CPU
		{1E0E153D-4541-4C1A-B94B-2650EF8F182B}.Release|Any CPU.Build.0 = Release|Any CPU
		{43A38BFA-4841-4149-9490-4945CDD6E57C}.Debug|Any CPU.ActiveCfg = Debug|Any CPU
		{43A38BFA-4841-4149-9490-4945CDD6E57C}.Debug|Any CPU.Build.0 = Debug|Any CPU
		{43A38BFA-4841-4149-9490-4945CDD6E57C}.Release|Any CPU.ActiveCfg = Release|Any CPU
		{43A38BFA-4841-4149-9490-4945CDD6E57C}.Release|Any CPU.Build.0 = Release|Any CPU
		{41B8EA53-D5BA-4D61-B6EE-64BB7F5BA228}.Debug|Any CPU.ActiveCfg = Debug|Any CPU
		{41B8EA53-D5BA-4D61-B6EE-64BB7F5BA228}.Debug|Any CPU.Build.0 = Debug|Any CPU
		{41B8EA53-D5BA-4D61-B6EE-64BB7F5BA228}.Release|Any CPU.ActiveCfg = Release|Any CPU
		{41B8EA53-D5BA-4D61-B6EE-64BB7F5BA228}.Release|Any CPU.Build.0 = Release|Any CPU
		{5151A3B6-6D20-4815-8DF9-1E2180827E58}.Debug|Any CPU.ActiveCfg = Debug|Any CPU
		{5151A3B6-6D20-4815-8DF9-1E2180827E58}.Debug|Any CPU.Build.0 = Debug|Any CPU
		{5151A3B6-6D20-4815-8DF9-1E2180827E58}.Release|Any CPU.ActiveCfg = Release|Any CPU
		{5151A3B6-6D20-4815-8DF9-1E2180827E58}.Release|Any CPU.Build.0 = Release|Any CPU
		{14466347-5E4E-4345-A14B-2AC488C4028F}.Debug|Any CPU.ActiveCfg = Debug|Any CPU
		{14466347-5E4E-4345-A14B-2AC488C4028F}.Debug|Any CPU.Build.0 = Debug|Any CPU
		{14466347-5E4E-4345-A14B-2AC488C4028F}.Release|Any CPU.ActiveCfg = Release|Any CPU
		{14466347-5E4E-4345-A14B-2AC488C4028F}.Release|Any CPU.Build.0 = Release|Any CPU
		{D4473F2C-DC9B-4A5A-9082-B3E37DFECAE8}.Debug|Any CPU.ActiveCfg = Debug|Any CPU
		{D4473F2C-DC9B-4A5A-9082-B3E37DFECAE8}.Debug|Any CPU.Build.0 = Debug|Any CPU
		{D4473F2C-DC9B-4A5A-9082-B3E37DFECAE8}.Release|Any CPU.ActiveCfg = Release|Any CPU
		{D4473F2C-DC9B-4A5A-9082-B3E37DFECAE8}.Release|Any CPU.Build.0 = Release|Any CPU
		{927D51AE-0157-4968-8BCA-B1473C1AAAD3}.Debug|Any CPU.ActiveCfg = Debug|Any CPU
		{927D51AE-0157-4968-8BCA-B1473C1AAAD3}.Debug|Any CPU.Build.0 = Debug|Any CPU
		{927D51AE-0157-4968-8BCA-B1473C1AAAD3}.Release|Any CPU.ActiveCfg = Release|Any CPU
		{927D51AE-0157-4968-8BCA-B1473C1AAAD3}.Release|Any CPU.Build.0 = Release|Any CPU
		{0BAFD4B9-B8CC-4159-B7D8-79E3391FC9C7}.Debug|Any CPU.ActiveCfg = Debug|Any CPU
		{0BAFD4B9-B8CC-4159-B7D8-79E3391FC9C7}.Debug|Any CPU.Build.0 = Debug|Any CPU
		{0BAFD4B9-B8CC-4159-B7D8-79E3391FC9C7}.Release|Any CPU.ActiveCfg = Release|Any CPU
		{0BAFD4B9-B8CC-4159-B7D8-79E3391FC9C7}.Release|Any CPU.Build.0 = Release|Any CPU
		{E1DCD125-6030-4401-8BF9-15131F80D0F1}.Debug|Any CPU.ActiveCfg = Debug|Any CPU
		{E1DCD125-6030-4401-8BF9-15131F80D0F1}.Debug|Any CPU.Build.0 = Debug|Any CPU
		{E1DCD125-6030-4401-8BF9-15131F80D0F1}.Release|Any CPU.ActiveCfg = Release|Any CPU
		{E1DCD125-6030-4401-8BF9-15131F80D0F1}.Release|Any CPU.Build.0 = Release|Any CPU
		{07C731A8-97B6-4A79-9ACB-339C44343C9C}.Debug|Any CPU.ActiveCfg = Debug|Any CPU
		{07C731A8-97B6-4A79-9ACB-339C44343C9C}.Debug|Any CPU.Build.0 = Debug|Any CPU
		{07C731A8-97B6-4A79-9ACB-339C44343C9C}.Release|Any CPU.ActiveCfg = Release|Any CPU
		{07C731A8-97B6-4A79-9ACB-339C44343C9C}.Release|Any CPU.Build.0 = Release|Any CPU
		{3CF6C0D2-593F-44DC-8874-18097A33DCD3}.Debug|Any CPU.ActiveCfg = Debug|Any CPU
		{3CF6C0D2-593F-44DC-8874-18097A33DCD3}.Debug|Any CPU.Build.0 = Debug|Any CPU
		{3CF6C0D2-593F-44DC-8874-18097A33DCD3}.Release|Any CPU.ActiveCfg = Release|Any CPU
		{3CF6C0D2-593F-44DC-8874-18097A33DCD3}.Release|Any CPU.Build.0 = Release|Any CPU
		{6DEBBBF9-5BEB-4C33-B4DC-BF65FD87FFDD}.Debug|Any CPU.ActiveCfg = Debug|Any CPU
		{6DEBBBF9-5BEB-4C33-B4DC-BF65FD87FFDD}.Debug|Any CPU.Build.0 = Debug|Any CPU
		{6DEBBBF9-5BEB-4C33-B4DC-BF65FD87FFDD}.Release|Any CPU.ActiveCfg = Release|Any CPU
		{6DEBBBF9-5BEB-4C33-B4DC-BF65FD87FFDD}.Release|Any CPU.Build.0 = Release|Any CPU
	EndGlobalSection
	GlobalSection(SolutionProperties) = preSolution
		HideSolutionNode = FALSE
	EndGlobalSection
	GlobalSection(NestedProjects) = preSolution
		{BD6D0432-26DD-467B-AD1A-DD7747E4C640} = {5E607D4F-67A9-48BB-B9CE-96838BD0944D}
		{AB21B216-3D99-428A-9E75-B8B52AFE59D8} = {5E607D4F-67A9-48BB-B9CE-96838BD0944D}
		{DFE95727-B86A-4A49-8A49-4AD7CECDA531} = {5E607D4F-67A9-48BB-B9CE-96838BD0944D}
		{5089B4CA-9FD9-443F-B51C-56DC4CF07B1D} = {5E607D4F-67A9-48BB-B9CE-96838BD0944D}
		{12F75D70-B9FE-4832-986C-97802577A72F} = {5E607D4F-67A9-48BB-B9CE-96838BD0944D}
		{2C796B3F-E4DC-4606-861B-0509B7F519CD} = {CD2D7F47-0266-48BF-9556-DF0637E0F23E}
		{09AF44D7-158B-448C-B5C6-3A04F837C54F} = {FC29311C-47E4-4BFF-94FB-48D25A5CF14D}
		{2D658B52-BC39-4846-A759-8EFB7F72F59F} = {FC29311C-47E4-4BFF-94FB-48D25A5CF14D}
		{D783959C-7AA3-4743-B992-8BC2B195C400} = {FC29311C-47E4-4BFF-94FB-48D25A5CF14D}
		{593F027A-BFFB-4C3C-9275-8A7EC3AF2823} = {FC29311C-47E4-4BFF-94FB-48D25A5CF14D}
		{3D4C9DBA-3A0B-4579-91CF-4ECDB17927D3} = {FC29311C-47E4-4BFF-94FB-48D25A5CF14D}
		{152522BC-2066-4439-AE21-CFEC9605A6A6} = {F72CC093-C8DF-4E33-9E43-358F46746A36}
		{8936FFB3-D879-42A6-9509-3486EE8FCBAD} = {9FC6F65C-7DAE-4293-B503-48952419E82B}
		{2B4D11EA-62B2-4D79-9C33-0FA238277E6C} = {9FC6F65C-7DAE-4293-B503-48952419E82B}
		{4A4C3AD1-C687-4C60-8D1A-06553299ED49} = {9FC6F65C-7DAE-4293-B503-48952419E82B}
		{10DEFCA1-754D-4432-A05E-6EF495A006B6} = {9FC6F65C-7DAE-4293-B503-48952419E82B}
		{5B249AE9-C08F-4D02-95CB-37E5790B3007} = {5E924513-090D-4E46-A179-CED6BB3125E7}
		{107DD6F7-C398-4197-A35E-509B1E8A1E63} = {F64C6217-519E-417B-9DE6-AF7902C9CD8C}
		{6A895380-A1CA-4EDB-9B1F-F314442F9791} = {F64C6217-519E-417B-9DE6-AF7902C9CD8C}
		{639918CC-5BE2-44F9-B5A0-F980331948EB} = {F64C6217-519E-417B-9DE6-AF7902C9CD8C}
		{B647A7E2-5C5E-4EC2-9439-40793FDBD53F} = {F64C6217-519E-417B-9DE6-AF7902C9CD8C}
		{3F7E6AF6-B456-4F28-BE99-36F7EF75C428} = {F64C6217-519E-417B-9DE6-AF7902C9CD8C}
		{8CFBED3B-29E6-4D14-B484-04C4B12BBC0C} = {3F7E6AF6-B456-4F28-BE99-36F7EF75C428}
		{0A42E6F6-E2B0-4D18-BCF8-22463DC26B88} = {3F7E6AF6-B456-4F28-BE99-36F7EF75C428}
		{5BA0C8A1-F733-4131-846C-3137818C97CB} = {3F7E6AF6-B456-4F28-BE99-36F7EF75C428}
		{99ED3B52-1A05-4174-88CB-8308DF3A1A04} = {F64C6217-519E-417B-9DE6-AF7902C9CD8C}
		{60B88431-2668-4902-A29B-EACAEA6A3DAC} = {99ED3B52-1A05-4174-88CB-8308DF3A1A04}
		{660EBD8F-1CF7-4E29-B763-DB4D570D6DEA} = {99ED3B52-1A05-4174-88CB-8308DF3A1A04}
		{EB564567-65F9-4ECD-8153-A7F21BA4F6E9} = {99ED3B52-1A05-4174-88CB-8308DF3A1A04}
		{4FE56F97-D328-45EF-94D3-6A3FC12436B9} = {99ED3B52-1A05-4174-88CB-8308DF3A1A04}
		{5190D3F0-3ADC-4C7E-A5F0-2F9D5FEA7EA7} = {99ED3B52-1A05-4174-88CB-8308DF3A1A04}
		{D544B580-9ED2-42CF-BB2B-448169F24D5C} = {F64C6217-519E-417B-9DE6-AF7902C9CD8C}
		{546DFFDD-0B48-409E-BDFC-A274DED3DBEB} = {D544B580-9ED2-42CF-BB2B-448169F24D5C}
		{37F33435-B9FB-451C-83EA-F47B59A4743C} = {D544B580-9ED2-42CF-BB2B-448169F24D5C}
		{C9F9E246-79CC-434A-9707-00A32DC2908B} = {D544B580-9ED2-42CF-BB2B-448169F24D5C}
		{4F9ACF37-E903-4E64-AAA7-48D7F1D0F026} = {D544B580-9ED2-42CF-BB2B-448169F24D5C}
		{71804E7D-A30A-4ADE-A969-31A0CBAE8D0E} = {D544B580-9ED2-42CF-BB2B-448169F24D5C}
		{8CE70A66-315D-4D3B-BF36-DA2BCE46AB8C} = {D544B580-9ED2-42CF-BB2B-448169F24D5C}
		{9C914799-4428-4AA1-BE11-3631AF8BCAE6} = {D544B580-9ED2-42CF-BB2B-448169F24D5C}
		{F3D06891-C50B-4CD1-818C-DB233CBAF915} = {D544B580-9ED2-42CF-BB2B-448169F24D5C}
		{3F971F63-7F1A-414F-B9C7-8F521CC0080B} = {D544B580-9ED2-42CF-BB2B-448169F24D5C}
		{8DDEC448-0593-474B-B5DC-D6AF188BB7CD} = {D544B580-9ED2-42CF-BB2B-448169F24D5C}
		{D34944CA-D303-4DCB-AEE9-FCB087A3A4FE} = {D544B580-9ED2-42CF-BB2B-448169F24D5C}
		{11DCEFD5-BC31-45D0-BBC3-5EFD9852D847} = {D544B580-9ED2-42CF-BB2B-448169F24D5C}
		{3C29F0D0-1F20-4771-AD67-8457B9FED9A6} = {D544B580-9ED2-42CF-BB2B-448169F24D5C}
		{1E0E153D-4541-4C1A-B94B-2650EF8F182B} = {D544B580-9ED2-42CF-BB2B-448169F24D5C}
		{43A38BFA-4841-4149-9490-4945CDD6E57C} = {D544B580-9ED2-42CF-BB2B-448169F24D5C}
		{41B8EA53-D5BA-4D61-B6EE-64BB7F5BA228} = {D544B580-9ED2-42CF-BB2B-448169F24D5C}
		{5151A3B6-6D20-4815-8DF9-1E2180827E58} = {D544B580-9ED2-42CF-BB2B-448169F24D5C}
		{942BD528-359B-45BA-8F79-C7992FA851B1} = {F64C6217-519E-417B-9DE6-AF7902C9CD8C}
		{14466347-5E4E-4345-A14B-2AC488C4028F} = {942BD528-359B-45BA-8F79-C7992FA851B1}
		{D4473F2C-DC9B-4A5A-9082-B3E37DFECAE8} = {FCF9D61C-2F00-4176-ADD0-7D7EFA8F8FB3}
		{927D51AE-0157-4968-8BCA-B1473C1AAAD3} = {80053793-AFA4-4979-A81D-10F32C1889B0}
		{0BAFD4B9-B8CC-4159-B7D8-79E3391FC9C7} = {D544B580-9ED2-42CF-BB2B-448169F24D5C}
		{E1DCD125-6030-4401-8BF9-15131F80D0F1} = {9827583B-F59B-4132-A89D-AB840BCE524E}
		{07C731A8-97B6-4A79-9ACB-339C44343C9C} = {9827583B-F59B-4132-A89D-AB840BCE524E}
		{3CF6C0D2-593F-44DC-8874-18097A33DCD3} = {8906EEB7-127B-4428-AE7E-52C664839BEA}
		{6DEBBBF9-5BEB-4C33-B4DC-BF65FD87FFDD} = {4FA25AC8-0F11-46BC-92EC-05C5C9BD7323}
	EndGlobalSection
	GlobalSection(ExtensibilityGlobals) = postSolution
		SolutionGuid = {3E545681-D4FA-416D-AEAD-64864B58F441}
	EndGlobalSection
EndGlobal
